// !$*UTF8*$!
{
	archiveVersion = 1;
	classes = {
	};
	objectVersion = 56;
	objects = {

/* Begin PBXBuildFile section */
		207DC7842BA115A50014C8A0 /* LoginViewController.swift in Sources */ = {isa = PBXBuildFile; fileRef = 207DC7832BA115A50014C8A0 /* LoginViewController.swift */; };
		207F065F2B9D680F0067778F /* FirebaseAnalytics in Frameworks */ = {isa = PBXBuildFile; productRef = 207F065E2B9D680F0067778F /* FirebaseAnalytics */; };
		207F06612B9D680F0067778F /* FirebaseAnalyticsOnDeviceConversion in Frameworks */ = {isa = PBXBuildFile; productRef = 207F06602B9D680F0067778F /* FirebaseAnalyticsOnDeviceConversion */; };
		207F06632B9D680F0067778F /* FirebaseAnalyticsSwift in Frameworks */ = {isa = PBXBuildFile; productRef = 207F06622B9D680F0067778F /* FirebaseAnalyticsSwift */; };
		207F06652B9D680F0067778F /* FirebaseAnalyticsWithoutAdIdSupport in Frameworks */ = {isa = PBXBuildFile; productRef = 207F06642B9D680F0067778F /* FirebaseAnalyticsWithoutAdIdSupport */; };
		207F06672B9D680F0067778F /* FirebaseAppCheck in Frameworks */ = {isa = PBXBuildFile; productRef = 207F06662B9D680F0067778F /* FirebaseAppCheck */; };
		207F06692B9D680F0067778F /* FirebaseAuth in Frameworks */ = {isa = PBXBuildFile; productRef = 207F06682B9D680F0067778F /* FirebaseAuth */; };
		207F066B2B9D680F0067778F /* FirebaseAuthCombine-Community in Frameworks */ = {isa = PBXBuildFile; productRef = 207F066A2B9D680F0067778F /* FirebaseAuthCombine-Community */; };
		207F066D2B9D680F0067778F /* FirebaseDatabase in Frameworks */ = {isa = PBXBuildFile; productRef = 207F066C2B9D680F0067778F /* FirebaseDatabase */; };
		207F066F2B9D680F0067778F /* FirebaseDatabaseSwift in Frameworks */ = {isa = PBXBuildFile; productRef = 207F066E2B9D680F0067778F /* FirebaseDatabaseSwift */; };
		207F06712B9D680F0067778F /* FirebaseFirestore in Frameworks */ = {isa = PBXBuildFile; productRef = 207F06702B9D680F0067778F /* FirebaseFirestore */; };
		207F06732B9D680F0067778F /* FirebaseFirestoreCombine-Community in Frameworks */ = {isa = PBXBuildFile; productRef = 207F06722B9D680F0067778F /* FirebaseFirestoreCombine-Community */; };
		207F06752B9D680F0067778F /* FirebaseFirestoreSwift in Frameworks */ = {isa = PBXBuildFile; productRef = 207F06742B9D680F0067778F /* FirebaseFirestoreSwift */; };
		207F06772B9D680F0067778F /* FirebaseStorage in Frameworks */ = {isa = PBXBuildFile; productRef = 207F06762B9D680F0067778F /* FirebaseStorage */; };
		207F06792B9D680F0067778F /* FirebaseStorageCombine-Community in Frameworks */ = {isa = PBXBuildFile; productRef = 207F06782B9D680F0067778F /* FirebaseStorageCombine-Community */; };
		207F067E2B9D725A0067778F /* CreateAccountViewController.swift in Sources */ = {isa = PBXBuildFile; fileRef = 207F067D2B9D725A0067778F /* CreateAccountViewController.swift */; };
		207F06802B9E57630067778F /* HomePageViewController.swift in Sources */ = {isa = PBXBuildFile; fileRef = 207F067F2B9E57630067778F /* HomePageViewController.swift */; };
		207F06822B9E581C0067778F /* SettingsViewController.swift in Sources */ = {isa = PBXBuildFile; fileRef = 207F06812B9E581C0067778F /* SettingsViewController.swift */; };
		209FF8A82B990A5F000854A9 /* Eder.storyboard in Resources */ = {isa = PBXBuildFile; fileRef = 209FF8A72B990A5F000854A9 /* Eder.storyboard */; };
		209FF8AA2B990A85000854A9 /* LaunchScreen.storyboard in Resources */ = {isa = PBXBuildFile; fileRef = 209FF8A92B990A85000854A9 /* LaunchScreen.storyboard */; };
		20C8D45C2BA7B8B7001AA5EF /* AccountViewController.swift in Sources */ = {isa = PBXBuildFile; fileRef = 20C8D45B2BA7B8B7001AA5EF /* AccountViewController.swift */; };
		20C8D45E2BA7B8D6001AA5EF /* AppSettingsViewController.swift in Sources */ = {isa = PBXBuildFile; fileRef = 20C8D45D2BA7B8D6001AA5EF /* AppSettingsViewController.swift */; };
		20C8D4602BA7B91F001AA5EF /* Styles.swift in Sources */ = {isa = PBXBuildFile; fileRef = 20C8D45F2BA7B91F001AA5EF /* Styles.swift */; };
		20F084E62B990479005FF676 /* Akin.storyboard in Resources */ = {isa = PBXBuildFile; fileRef = 20F084E52B990479005FF676 /* Akin.storyboard */; };
		20F084E82B9904A8005FF676 /* Main.storyboard in Resources */ = {isa = PBXBuildFile; fileRef = 20F084E72B9904A8005FF676 /* Main.storyboard */; };
		20F084EA2B9907CB005FF676 /* CustomTabBarController.swift in Sources */ = {isa = PBXBuildFile; fileRef = 20F084E92B9907CB005FF676 /* CustomTabBarController.swift */; };
		20FF623A2BA201D700AFF6DD /* LeaderBoardViewController.swift in Sources */ = {isa = PBXBuildFile; fileRef = 20FF62392BA201D700AFF6DD /* LeaderBoardViewController.swift */; };
		992830092BA5FCF9005AB073 /* GoogleService-Info.plist in Resources */ = {isa = PBXBuildFile; fileRef = 992830082BA5FCF9005AB073 /* GoogleService-Info.plist */; };
		993572EF2BBB439200CA75A3 /* DataStructures.swift in Sources */ = {isa = PBXBuildFile; fileRef = 993572EE2BBB439200CA75A3 /* DataStructures.swift */; };
		993B11382BA4A97500546802 /* DragAndDropSwiftUIView.swift in Sources */ = {isa = PBXBuildFile; fileRef = 993B11372BA4A97500546802 /* DragAndDropSwiftUIView.swift */; };
		993B113A2BA4BA1D00546802 /* DragAndDrop.storyboard in Resources */ = {isa = PBXBuildFile; fileRef = 993B11392BA4BA1D00546802 /* DragAndDrop.storyboard */; };
		9951F6762BA258E90004D597 /* TestViewController.swift in Sources */ = {isa = PBXBuildFile; fileRef = 9951F6752BA258E90004D597 /* TestViewController.swift */; };
		9951F67A2BA2596B0004D597 /* Test.storyboard in Resources */ = {isa = PBXBuildFile; fileRef = 9951F6792BA2596B0004D597 /* Test.storyboard */; };
		9951F67C2BA25E630004D597 /* FirebaseAnalytics in Frameworks */ = {isa = PBXBuildFile; productRef = 9951F67B2BA25E630004D597 /* FirebaseAnalytics */; };
		9951F67E2BA25E630004D597 /* FirebaseAnalyticsOnDeviceConversion in Frameworks */ = {isa = PBXBuildFile; productRef = 9951F67D2BA25E630004D597 /* FirebaseAnalyticsOnDeviceConversion */; };
		9951F6802BA25E630004D597 /* FirebaseAnalyticsSwift in Frameworks */ = {isa = PBXBuildFile; productRef = 9951F67F2BA25E630004D597 /* FirebaseAnalyticsSwift */; };
		9951F6822BA25E630004D597 /* FirebaseAnalyticsWithoutAdIdSupport in Frameworks */ = {isa = PBXBuildFile; productRef = 9951F6812BA25E630004D597 /* FirebaseAnalyticsWithoutAdIdSupport */; };
		9951F6842BA25E630004D597 /* FirebaseAppCheck in Frameworks */ = {isa = PBXBuildFile; productRef = 9951F6832BA25E630004D597 /* FirebaseAppCheck */; };
		9951F68E2BA34F940004D597 /* LessonElement.swift in Sources */ = {isa = PBXBuildFile; fileRef = 9951F68D2BA34F940004D597 /* LessonElement.swift */; };
		9951F6972BA350990004D597 /* QuestionElements.swift in Sources */ = {isa = PBXBuildFile; fileRef = 9951F6962BA350990004D597 /* QuestionElements.swift */; };
		9951F6992BA353DC0004D597 /* LectureElements.swift in Sources */ = {isa = PBXBuildFile; fileRef = 9951F6982BA353DC0004D597 /* LectureElements.swift */; };
		9951F69B2BA353EE0004D597 /* CheckpointElements.swift in Sources */ = {isa = PBXBuildFile; fileRef = 9951F69A2BA353EE0004D597 /* CheckpointElements.swift */; };
		9951F69D2BA353FA0004D597 /* ResultsElements.swift in Sources */ = {isa = PBXBuildFile; fileRef = 9951F69C2BA353FA0004D597 /* ResultsElements.swift */; };
		999FF89B2BA7C72300D8FF43 /* FirebaseAnalytics in Frameworks */ = {isa = PBXBuildFile; productRef = 999FF89A2BA7C72300D8FF43 /* FirebaseAnalytics */; };
		999FF89D2BA7C72300D8FF43 /* FirebaseAnalyticsOnDeviceConversion in Frameworks */ = {isa = PBXBuildFile; productRef = 999FF89C2BA7C72300D8FF43 /* FirebaseAnalyticsOnDeviceConversion */; };
		999FF89F2BA7C72300D8FF43 /* FirebaseAnalyticsSwift in Frameworks */ = {isa = PBXBuildFile; productRef = 999FF89E2BA7C72300D8FF43 /* FirebaseAnalyticsSwift */; };
		999FF8A12BA7C72300D8FF43 /* FirebaseAnalyticsWithoutAdIdSupport in Frameworks */ = {isa = PBXBuildFile; productRef = 999FF8A02BA7C72300D8FF43 /* FirebaseAnalyticsWithoutAdIdSupport */; };
		999FF8A32BA7C72300D8FF43 /* FirebaseAppCheck in Frameworks */ = {isa = PBXBuildFile; productRef = 999FF8A22BA7C72300D8FF43 /* FirebaseAppCheck */; };
		99EC11912B9F66D40023FEDE /* FirebaseAnalytics in Frameworks */ = {isa = PBXBuildFile; productRef = 99EC11902B9F66D40023FEDE /* FirebaseAnalytics */; };
		99EC11932B9F66D40023FEDE /* FirebaseAnalyticsOnDeviceConversion in Frameworks */ = {isa = PBXBuildFile; productRef = 99EC11922B9F66D40023FEDE /* FirebaseAnalyticsOnDeviceConversion */; };
		99EC11952B9F66D40023FEDE /* FirebaseAnalyticsSwift in Frameworks */ = {isa = PBXBuildFile; productRef = 99EC11942B9F66D40023FEDE /* FirebaseAnalyticsSwift */; };
		99EC11972B9F66D40023FEDE /* FirebaseAnalyticsWithoutAdIdSupport in Frameworks */ = {isa = PBXBuildFile; productRef = 99EC11962B9F66D40023FEDE /* FirebaseAnalyticsWithoutAdIdSupport */; };
		99EC11992B9F66D40023FEDE /* FirebaseAppCheck in Frameworks */ = {isa = PBXBuildFile; productRef = 99EC11982B9F66D40023FEDE /* FirebaseAppCheck */; };
		99EC119B2B9F66D40023FEDE /* FirebaseAppDistribution-Beta in Frameworks */ = {isa = PBXBuildFile; productRef = 99EC119A2B9F66D40023FEDE /* FirebaseAppDistribution-Beta */; };
		99EC119D2B9F66D40023FEDE /* FirebaseAuth in Frameworks */ = {isa = PBXBuildFile; productRef = 99EC119C2B9F66D40023FEDE /* FirebaseAuth */; };
		99EC119F2B9F66D40023FEDE /* FirebaseAuthCombine-Community in Frameworks */ = {isa = PBXBuildFile; productRef = 99EC119E2B9F66D40023FEDE /* FirebaseAuthCombine-Community */; };
		99EC11A12B9F66D40023FEDE /* FirebaseCrashlytics in Frameworks */ = {isa = PBXBuildFile; productRef = 99EC11A02B9F66D40023FEDE /* FirebaseCrashlytics */; };
		99EC11A32B9F66D40023FEDE /* FirebaseDatabase in Frameworks */ = {isa = PBXBuildFile; productRef = 99EC11A22B9F66D40023FEDE /* FirebaseDatabase */; };
		99EC11A52B9F66D40023FEDE /* FirebaseDatabaseSwift in Frameworks */ = {isa = PBXBuildFile; productRef = 99EC11A42B9F66D40023FEDE /* FirebaseDatabaseSwift */; };
		99EC11A72B9F66D40023FEDE /* FirebaseDynamicLinks in Frameworks */ = {isa = PBXBuildFile; productRef = 99EC11A62B9F66D40023FEDE /* FirebaseDynamicLinks */; };
		99EC11A92B9F66D40023FEDE /* FirebaseFirestore in Frameworks */ = {isa = PBXBuildFile; productRef = 99EC11A82B9F66D40023FEDE /* FirebaseFirestore */; };
		99EC11AB2B9F66D40023FEDE /* FirebaseFirestoreCombine-Community in Frameworks */ = {isa = PBXBuildFile; productRef = 99EC11AA2B9F66D40023FEDE /* FirebaseFirestoreCombine-Community */; };
		99EC11AD2B9F66D40023FEDE /* FirebaseFirestoreSwift in Frameworks */ = {isa = PBXBuildFile; productRef = 99EC11AC2B9F66D40023FEDE /* FirebaseFirestoreSwift */; };
		99EC11AF2B9F66D40023FEDE /* FirebaseFunctions in Frameworks */ = {isa = PBXBuildFile; productRef = 99EC11AE2B9F66D40023FEDE /* FirebaseFunctions */; };
		99EC11B12B9F66D40023FEDE /* FirebaseFunctionsCombine-Community in Frameworks */ = {isa = PBXBuildFile; productRef = 99EC11B02B9F66D40023FEDE /* FirebaseFunctionsCombine-Community */; };
		99EC11B32B9F66D40023FEDE /* FirebaseInAppMessaging-Beta in Frameworks */ = {isa = PBXBuildFile; productRef = 99EC11B22B9F66D40023FEDE /* FirebaseInAppMessaging-Beta */; };
		99EC11B52B9F66D40023FEDE /* FirebaseInAppMessagingSwift-Beta in Frameworks */ = {isa = PBXBuildFile; productRef = 99EC11B42B9F66D40023FEDE /* FirebaseInAppMessagingSwift-Beta */; };
		99EC11B72B9F66D40023FEDE /* FirebaseInstallations in Frameworks */ = {isa = PBXBuildFile; productRef = 99EC11B62B9F66D40023FEDE /* FirebaseInstallations */; };
		99EC11B92B9F66D40023FEDE /* FirebaseMLModelDownloader in Frameworks */ = {isa = PBXBuildFile; productRef = 99EC11B82B9F66D40023FEDE /* FirebaseMLModelDownloader */; };
		99EC11BB2B9F66D40023FEDE /* FirebaseMessaging in Frameworks */ = {isa = PBXBuildFile; productRef = 99EC11BA2B9F66D40023FEDE /* FirebaseMessaging */; };
		99EC11BD2B9F66D40023FEDE /* FirebasePerformance in Frameworks */ = {isa = PBXBuildFile; productRef = 99EC11BC2B9F66D40023FEDE /* FirebasePerformance */; };
		99EC11BF2B9F66D40023FEDE /* FirebaseRemoteConfig in Frameworks */ = {isa = PBXBuildFile; productRef = 99EC11BE2B9F66D40023FEDE /* FirebaseRemoteConfig */; };
		99EC11C22B9F68C20023FEDE /* Checkpoint.storyboard in Resources */ = {isa = PBXBuildFile; fileRef = 99EC11C12B9F68C20023FEDE /* Checkpoint.storyboard */; };
		99EC11C42B9F68D10023FEDE /* Results.storyboard in Resources */ = {isa = PBXBuildFile; fileRef = 99EC11C32B9F68D10023FEDE /* Results.storyboard */; };
		99EC11C62B9F69380023FEDE /* CheckpointViewController.swift in Sources */ = {isa = PBXBuildFile; fileRef = 99EC11C52B9F69380023FEDE /* CheckpointViewController.swift */; };
		99EC11C92B9F6A4A0023FEDE /* LectureViewController.swift in Sources */ = {isa = PBXBuildFile; fileRef = 99EC11C82B9F6A4A0023FEDE /* LectureViewController.swift */; };
		99EC11CE2B9F6AA20023FEDE /* Lecture.storyboard in Resources */ = {isa = PBXBuildFile; fileRef = 99EC11CD2B9F6AA20023FEDE /* Lecture.storyboard */; };
		99F45DCA2B9D197A000753C4 /* LessonViewController.swift in Sources */ = {isa = PBXBuildFile; fileRef = 99F45DC92B9D197A000753C4 /* LessonViewController.swift */; };
		99F45DD32B9D1B43000753C4 /* Lesson.storyboard in Resources */ = {isa = PBXBuildFile; fileRef = 99F45DD22B9D1B43000753C4 /* Lesson.storyboard */; };
		99F45DD72B9D1D43000753C4 /* DragAndDropViewController.swift in Sources */ = {isa = PBXBuildFile; fileRef = 99F45DD62B9D1D43000753C4 /* DragAndDropViewController.swift */; };
		99F45DDD2B9D1DAC000753C4 /* FillTheBlankViewController.swift in Sources */ = {isa = PBXBuildFile; fileRef = 99F45DDC2B9D1DAC000753C4 /* FillTheBlankViewController.swift */; };
		99F45DE02B9D1DC6000753C4 /* ResultsViewController.swift in Sources */ = {isa = PBXBuildFile; fileRef = 99F45DDF2B9D1DC6000753C4 /* ResultsViewController.swift */; };
		99F45DE92B9D21D7000753C4 /* FillTheBlank.storyboard in Resources */ = {isa = PBXBuildFile; fileRef = 99F45DE82B9D21D7000753C4 /* FillTheBlank.storyboard */; };
		99F45DF02B9D2780000753C4 /* LessonElementTypes.swift in Sources */ = {isa = PBXBuildFile; fileRef = 99F45DEF2B9D2780000753C4 /* LessonElementTypes.swift */; };
		99F45DF42B9D33A2000753C4 /* LessonElementViewController.swift in Sources */ = {isa = PBXBuildFile; fileRef = 99F45DF32B9D33A2000753C4 /* LessonElementViewController.swift */; };
		C91BDD7C2B924F380013FCE5 /* Rohit.storyboard in Resources */ = {isa = PBXBuildFile; fileRef = C91BDD7B2B924F380013FCE5 /* Rohit.storyboard */; };
		C9674BB82B8FE9EB00A50CCD /* AppDelegate.swift in Sources */ = {isa = PBXBuildFile; fileRef = C9674BB72B8FE9EB00A50CCD /* AppDelegate.swift */; };
		C9674BBA2B8FE9EB00A50CCD /* SceneDelegate.swift in Sources */ = {isa = PBXBuildFile; fileRef = C9674BB92B8FE9EB00A50CCD /* SceneDelegate.swift */; };
		C9674BC12B8FE9ED00A50CCD /* Assets.xcassets in Resources */ = {isa = PBXBuildFile; fileRef = C9674BC02B8FE9ED00A50CCD /* Assets.xcassets */; };
		FC5AB0AC2BB5F2D400C6156A /* LoadingViewController.swift in Sources */ = {isa = PBXBuildFile; fileRef = FC5AB0AB2BB5F23300C6156A /* LoadingViewController.swift */; };
		FCB300F42BA39EB9005433C7 /* FillBlankViewController.swift in Sources */ = {isa = PBXBuildFile; fileRef = FCB300F32BA39EB9005433C7 /* FillBlankViewController.swift */; };
		FCB300FA2BA548F4005433C7 /* RoadmapViewController.swift in Sources */ = {isa = PBXBuildFile; fileRef = FCB300F92BA548F4005433C7 /* RoadmapViewController.swift */; };
/* End PBXBuildFile section */

/* Begin PBXFileReference section */
		207DC7832BA115A50014C8A0 /* LoginViewController.swift */ = {isa = PBXFileReference; lastKnownFileType = sourcecode.swift; path = LoginViewController.swift; sourceTree = "<group>"; };
		207F067C2B9D705D0067778F /* Swiftly.entitlements */ = {isa = PBXFileReference; lastKnownFileType = text.plist.entitlements; path = Swiftly.entitlements; sourceTree = "<group>"; };
		207F067D2B9D725A0067778F /* CreateAccountViewController.swift */ = {isa = PBXFileReference; lastKnownFileType = sourcecode.swift; path = CreateAccountViewController.swift; sourceTree = "<group>"; };
		207F067F2B9E57630067778F /* HomePageViewController.swift */ = {isa = PBXFileReference; lastKnownFileType = sourcecode.swift; path = HomePageViewController.swift; sourceTree = "<group>"; };
		207F06812B9E581C0067778F /* SettingsViewController.swift */ = {isa = PBXFileReference; lastKnownFileType = sourcecode.swift; path = SettingsViewController.swift; sourceTree = "<group>"; };
		209FF8A72B990A5F000854A9 /* Eder.storyboard */ = {isa = PBXFileReference; fileEncoding = 4; lastKnownFileType = file.storyboard; path = Eder.storyboard; sourceTree = "<group>"; };
		209FF8A92B990A85000854A9 /* LaunchScreen.storyboard */ = {isa = PBXFileReference; fileEncoding = 4; lastKnownFileType = file.storyboard; path = LaunchScreen.storyboard; sourceTree = "<group>"; };
		20C8D45B2BA7B8B7001AA5EF /* AccountViewController.swift */ = {isa = PBXFileReference; lastKnownFileType = sourcecode.swift; path = AccountViewController.swift; sourceTree = "<group>"; };
		20C8D45D2BA7B8D6001AA5EF /* AppSettingsViewController.swift */ = {isa = PBXFileReference; lastKnownFileType = sourcecode.swift; path = AppSettingsViewController.swift; sourceTree = "<group>"; };
		20C8D45F2BA7B91F001AA5EF /* Styles.swift */ = {isa = PBXFileReference; lastKnownFileType = sourcecode.swift; path = Styles.swift; sourceTree = "<group>"; };
		20F084E52B990479005FF676 /* Akin.storyboard */ = {isa = PBXFileReference; fileEncoding = 4; lastKnownFileType = file.storyboard; path = Akin.storyboard; sourceTree = "<group>"; };
		20F084E72B9904A8005FF676 /* Main.storyboard */ = {isa = PBXFileReference; fileEncoding = 4; lastKnownFileType = file.storyboard; path = Main.storyboard; sourceTree = "<group>"; };
		20F084E92B9907CB005FF676 /* CustomTabBarController.swift */ = {isa = PBXFileReference; lastKnownFileType = sourcecode.swift; path = CustomTabBarController.swift; sourceTree = "<group>"; };
		20FF62392BA201D700AFF6DD /* LeaderBoardViewController.swift */ = {isa = PBXFileReference; lastKnownFileType = sourcecode.swift; path = LeaderBoardViewController.swift; sourceTree = "<group>"; };
		992830082BA5FCF9005AB073 /* GoogleService-Info.plist */ = {isa = PBXFileReference; fileEncoding = 4; lastKnownFileType = text.plist.xml; path = "GoogleService-Info.plist"; sourceTree = "<group>"; };
		993572EE2BBB439200CA75A3 /* DataStructures.swift */ = {isa = PBXFileReference; lastKnownFileType = sourcecode.swift; path = DataStructures.swift; sourceTree = "<group>"; };
		993B11372BA4A97500546802 /* DragAndDropSwiftUIView.swift */ = {isa = PBXFileReference; lastKnownFileType = sourcecode.swift; path = DragAndDropSwiftUIView.swift; sourceTree = "<group>"; };
		993B11392BA4BA1D00546802 /* DragAndDrop.storyboard */ = {isa = PBXFileReference; lastKnownFileType = file.storyboard; path = DragAndDrop.storyboard; sourceTree = "<group>"; };
		9951F6752BA258E90004D597 /* TestViewController.swift */ = {isa = PBXFileReference; lastKnownFileType = sourcecode.swift; path = TestViewController.swift; sourceTree = "<group>"; };
		9951F6792BA2596B0004D597 /* Test.storyboard */ = {isa = PBXFileReference; lastKnownFileType = file.storyboard; path = Test.storyboard; sourceTree = "<group>"; };
		9951F68D2BA34F940004D597 /* LessonElement.swift */ = {isa = PBXFileReference; lastKnownFileType = sourcecode.swift; path = LessonElement.swift; sourceTree = "<group>"; };
		9951F6962BA350990004D597 /* QuestionElements.swift */ = {isa = PBXFileReference; lastKnownFileType = sourcecode.swift; path = QuestionElements.swift; sourceTree = "<group>"; };
		9951F6982BA353DC0004D597 /* LectureElements.swift */ = {isa = PBXFileReference; lastKnownFileType = sourcecode.swift; path = LectureElements.swift; sourceTree = "<group>"; };
		9951F69A2BA353EE0004D597 /* CheckpointElements.swift */ = {isa = PBXFileReference; lastKnownFileType = sourcecode.swift; path = CheckpointElements.swift; sourceTree = "<group>"; };
		9951F69C2BA353FA0004D597 /* ResultsElements.swift */ = {isa = PBXFileReference; lastKnownFileType = sourcecode.swift; path = ResultsElements.swift; sourceTree = "<group>"; };
		999FF8992BA7C26E00D8FF43 /* README.md */ = {isa = PBXFileReference; lastKnownFileType = net.daringfireball.markdown; path = README.md; sourceTree = "<group>"; };
		99EC11C12B9F68C20023FEDE /* Checkpoint.storyboard */ = {isa = PBXFileReference; lastKnownFileType = file.storyboard; path = Checkpoint.storyboard; sourceTree = "<group>"; };
		99EC11C32B9F68D10023FEDE /* Results.storyboard */ = {isa = PBXFileReference; lastKnownFileType = file.storyboard; path = Results.storyboard; sourceTree = "<group>"; };
		99EC11C52B9F69380023FEDE /* CheckpointViewController.swift */ = {isa = PBXFileReference; lastKnownFileType = sourcecode.swift; path = CheckpointViewController.swift; sourceTree = "<group>"; };
		99EC11C82B9F6A4A0023FEDE /* LectureViewController.swift */ = {isa = PBXFileReference; lastKnownFileType = sourcecode.swift; path = LectureViewController.swift; sourceTree = "<group>"; };
		99EC11CD2B9F6AA20023FEDE /* Lecture.storyboard */ = {isa = PBXFileReference; lastKnownFileType = file.storyboard; path = Lecture.storyboard; sourceTree = "<group>"; };
		99F45DC92B9D197A000753C4 /* LessonViewController.swift */ = {isa = PBXFileReference; lastKnownFileType = sourcecode.swift; path = LessonViewController.swift; sourceTree = "<group>"; };
		99F45DD22B9D1B43000753C4 /* Lesson.storyboard */ = {isa = PBXFileReference; lastKnownFileType = file.storyboard; path = Lesson.storyboard; sourceTree = "<group>"; };
		99F45DD62B9D1D43000753C4 /* DragAndDropViewController.swift */ = {isa = PBXFileReference; lastKnownFileType = sourcecode.swift; path = DragAndDropViewController.swift; sourceTree = "<group>"; };
		99F45DDC2B9D1DAC000753C4 /* FillTheBlankViewController.swift */ = {isa = PBXFileReference; lastKnownFileType = sourcecode.swift; path = FillTheBlankViewController.swift; sourceTree = "<group>"; };
		99F45DDF2B9D1DC6000753C4 /* ResultsViewController.swift */ = {isa = PBXFileReference; lastKnownFileType = sourcecode.swift; path = ResultsViewController.swift; sourceTree = "<group>"; };
		99F45DE82B9D21D7000753C4 /* FillTheBlank.storyboard */ = {isa = PBXFileReference; lastKnownFileType = file.storyboard; path = FillTheBlank.storyboard; sourceTree = "<group>"; };
		99F45DEF2B9D2780000753C4 /* LessonElementTypes.swift */ = {isa = PBXFileReference; lastKnownFileType = sourcecode.swift; path = LessonElementTypes.swift; sourceTree = "<group>"; };
		99F45DF32B9D33A2000753C4 /* LessonElementViewController.swift */ = {isa = PBXFileReference; lastKnownFileType = sourcecode.swift; path = LessonElementViewController.swift; sourceTree = "<group>"; };
		C91BDD7B2B924F380013FCE5 /* Rohit.storyboard */ = {isa = PBXFileReference; lastKnownFileType = file.storyboard; path = Rohit.storyboard; sourceTree = "<group>"; };
		C9674BB42B8FE9EB00A50CCD /* Swiftly.app */ = {isa = PBXFileReference; explicitFileType = wrapper.application; includeInIndex = 0; path = Swiftly.app; sourceTree = BUILT_PRODUCTS_DIR; };
		C9674BB72B8FE9EB00A50CCD /* AppDelegate.swift */ = {isa = PBXFileReference; lastKnownFileType = sourcecode.swift; path = AppDelegate.swift; sourceTree = "<group>"; };
		C9674BB92B8FE9EB00A50CCD /* SceneDelegate.swift */ = {isa = PBXFileReference; lastKnownFileType = sourcecode.swift; path = SceneDelegate.swift; sourceTree = "<group>"; };
		C9674BC02B8FE9ED00A50CCD /* Assets.xcassets */ = {isa = PBXFileReference; lastKnownFileType = folder.assetcatalog; path = Assets.xcassets; sourceTree = "<group>"; };
		C9674BC52B8FE9ED00A50CCD /* Info.plist */ = {isa = PBXFileReference; lastKnownFileType = text.plist.xml; path = Info.plist; sourceTree = "<group>"; };
		FC5AB0AB2BB5F23300C6156A /* LoadingViewController.swift */ = {isa = PBXFileReference; lastKnownFileType = sourcecode.swift; path = LoadingViewController.swift; sourceTree = "<group>"; };
		FCB300F32BA39EB9005433C7 /* FillBlankViewController.swift */ = {isa = PBXFileReference; fileEncoding = 4; lastKnownFileType = sourcecode.swift; path = FillBlankViewController.swift; sourceTree = "<group>"; };
		FCB300F92BA548F4005433C7 /* RoadmapViewController.swift */ = {isa = PBXFileReference; fileEncoding = 4; lastKnownFileType = sourcecode.swift; path = RoadmapViewController.swift; sourceTree = "<group>"; };
/* End PBXFileReference section */

/* Begin PBXFrameworksBuildPhase section */
		C9674BB12B8FE9EB00A50CCD /* Frameworks */ = {
			isa = PBXFrameworksBuildPhase;
			buildActionMask = 2147483647;
			files = (
				99EC11BB2B9F66D40023FEDE /* FirebaseMessaging in Frameworks */,
				99EC11992B9F66D40023FEDE /* FirebaseAppCheck in Frameworks */,
				207F06632B9D680F0067778F /* FirebaseAnalyticsSwift in Frameworks */,
				207F06692B9D680F0067778F /* FirebaseAuth in Frameworks */,
				99EC11BD2B9F66D40023FEDE /* FirebasePerformance in Frameworks */,
				207F065F2B9D680F0067778F /* FirebaseAnalytics in Frameworks */,
				999FF89B2BA7C72300D8FF43 /* FirebaseAnalytics in Frameworks */,
				9951F6802BA25E630004D597 /* FirebaseAnalyticsSwift in Frameworks */,
				99EC11952B9F66D40023FEDE /* FirebaseAnalyticsSwift in Frameworks */,
				999FF8A12BA7C72300D8FF43 /* FirebaseAnalyticsWithoutAdIdSupport in Frameworks */,
				9951F67E2BA25E630004D597 /* FirebaseAnalyticsOnDeviceConversion in Frameworks */,
				207F06712B9D680F0067778F /* FirebaseFirestore in Frameworks */,
				99EC11A32B9F66D40023FEDE /* FirebaseDatabase in Frameworks */,
				99EC11B12B9F66D40023FEDE /* FirebaseFunctionsCombine-Community in Frameworks */,
				207F066F2B9D680F0067778F /* FirebaseDatabaseSwift in Frameworks */,
				99EC119B2B9F66D40023FEDE /* FirebaseAppDistribution-Beta in Frameworks */,
				999FF8A32BA7C72300D8FF43 /* FirebaseAppCheck in Frameworks */,
				207F06732B9D680F0067778F /* FirebaseFirestoreCombine-Community in Frameworks */,
				99EC11972B9F66D40023FEDE /* FirebaseAnalyticsWithoutAdIdSupport in Frameworks */,
				99EC11AD2B9F66D40023FEDE /* FirebaseFirestoreSwift in Frameworks */,
				207F06612B9D680F0067778F /* FirebaseAnalyticsOnDeviceConversion in Frameworks */,
				99EC11932B9F66D40023FEDE /* FirebaseAnalyticsOnDeviceConversion in Frameworks */,
				9951F67C2BA25E630004D597 /* FirebaseAnalytics in Frameworks */,
				99EC11AB2B9F66D40023FEDE /* FirebaseFirestoreCombine-Community in Frameworks */,
				999FF89D2BA7C72300D8FF43 /* FirebaseAnalyticsOnDeviceConversion in Frameworks */,
				207F06672B9D680F0067778F /* FirebaseAppCheck in Frameworks */,
				99EC11A92B9F66D40023FEDE /* FirebaseFirestore in Frameworks */,
				99EC11912B9F66D40023FEDE /* FirebaseAnalytics in Frameworks */,
				99EC11A52B9F66D40023FEDE /* FirebaseDatabaseSwift in Frameworks */,
				9951F6822BA25E630004D597 /* FirebaseAnalyticsWithoutAdIdSupport in Frameworks */,
				207F06792B9D680F0067778F /* FirebaseStorageCombine-Community in Frameworks */,
				207F06772B9D680F0067778F /* FirebaseStorage in Frameworks */,
				99EC11B52B9F66D40023FEDE /* FirebaseInAppMessagingSwift-Beta in Frameworks */,
				207F066B2B9D680F0067778F /* FirebaseAuthCombine-Community in Frameworks */,
				999FF89F2BA7C72300D8FF43 /* FirebaseAnalyticsSwift in Frameworks */,
				99EC119F2B9F66D40023FEDE /* FirebaseAuthCombine-Community in Frameworks */,
				99EC11B72B9F66D40023FEDE /* FirebaseInstallations in Frameworks */,
				99EC11A12B9F66D40023FEDE /* FirebaseCrashlytics in Frameworks */,
				99EC11BF2B9F66D40023FEDE /* FirebaseRemoteConfig in Frameworks */,
				99EC11B92B9F66D40023FEDE /* FirebaseMLModelDownloader in Frameworks */,
				207F066D2B9D680F0067778F /* FirebaseDatabase in Frameworks */,
				207F06652B9D680F0067778F /* FirebaseAnalyticsWithoutAdIdSupport in Frameworks */,
				99EC11B32B9F66D40023FEDE /* FirebaseInAppMessaging-Beta in Frameworks */,
				99EC119D2B9F66D40023FEDE /* FirebaseAuth in Frameworks */,
				99EC11AF2B9F66D40023FEDE /* FirebaseFunctions in Frameworks */,
				207F06752B9D680F0067778F /* FirebaseFirestoreSwift in Frameworks */,
				9951F6842BA25E630004D597 /* FirebaseAppCheck in Frameworks */,
				99EC11A72B9F66D40023FEDE /* FirebaseDynamicLinks in Frameworks */,
			);
			runOnlyForDeploymentPostprocessing = 0;
		};
/* End PBXFrameworksBuildPhase section */

/* Begin PBXGroup section */
		9951F68C2BA34ECB0004D597 /* LessonElementClasses */ = {
			isa = PBXGroup;
			children = (
				9951F68D2BA34F940004D597 /* LessonElement.swift */,
				9951F6962BA350990004D597 /* QuestionElements.swift */,
				9951F6982BA353DC0004D597 /* LectureElements.swift */,
				9951F69A2BA353EE0004D597 /* CheckpointElements.swift */,
				9951F69C2BA353FA0004D597 /* ResultsElements.swift */,
			);
			path = LessonElementClasses;
			sourceTree = "<group>";
		};
		99EC11C02B9F68950023FEDE /* QuestionsStoryboards */ = {
			isa = PBXGroup;
			children = (
				993B11392BA4BA1D00546802 /* DragAndDrop.storyboard */,
				99F45DE82B9D21D7000753C4 /* FillTheBlank.storyboard */,
				9951F6792BA2596B0004D597 /* Test.storyboard */,
			);
			path = QuestionsStoryboards;
			sourceTree = "<group>";
		};
		99EC11C72B9F6A210023FEDE /* LectureViewControllers */ = {
			isa = PBXGroup;
			children = (
				99EC11C82B9F6A4A0023FEDE /* LectureViewController.swift */,
			);
			path = LectureViewControllers;
			sourceTree = "<group>";
		};
		99EC11CA2B9F6A580023FEDE /* LectureStoryboards */ = {
			isa = PBXGroup;
			children = (
				99EC11CD2B9F6AA20023FEDE /* Lecture.storyboard */,
			);
			path = LectureStoryboards;
			sourceTree = "<group>";
		};
		99EC11CB2B9F6A6A0023FEDE /* CheckpointStoryboards */ = {
			isa = PBXGroup;
			children = (
				99EC11C12B9F68C20023FEDE /* Checkpoint.storyboard */,
			);
			path = CheckpointStoryboards;
			sourceTree = "<group>";
		};
		99EC11CC2B9F6A780023FEDE /* ResultsCheckpoint */ = {
			isa = PBXGroup;
			children = (
				99EC11C32B9F68D10023FEDE /* Results.storyboard */,
			);
			path = ResultsCheckpoint;
			sourceTree = "<group>";
		};
		99F45DC82B9D132E000753C4 /* LessonViewControllers */ = {
			isa = PBXGroup;
			children = (
				9951F68C2BA34ECB0004D597 /* LessonElementClasses */,
				99F45DEF2B9D2780000753C4 /* LessonElementTypes.swift */,
				99F45DF32B9D33A2000753C4 /* LessonElementViewController.swift */,
				99F45DC92B9D197A000753C4 /* LessonViewController.swift */,
				99EC11C72B9F6A210023FEDE /* LectureViewControllers */,
				99F45DCD2B9D19B7000753C4 /* ResultViewControllers */,
				99F45DCC2B9D19A7000753C4 /* CheckPointViewControllers */,
				99F45DCB2B9D1999000753C4 /* QuestionViewControllers */,
			);
			path = LessonViewControllers;
			sourceTree = "<group>";
		};
		99F45DCB2B9D1999000753C4 /* QuestionViewControllers */ = {
			isa = PBXGroup;
			children = (
				9951F6752BA258E90004D597 /* TestViewController.swift */,
				99F45DD62B9D1D43000753C4 /* DragAndDropViewController.swift */,
				993B11372BA4A97500546802 /* DragAndDropSwiftUIView.swift */,
				99F45DDC2B9D1DAC000753C4 /* FillTheBlankViewController.swift */,
				FCB300F32BA39EB9005433C7 /* FillBlankViewController.swift */,
			);
			path = QuestionViewControllers;
			sourceTree = "<group>";
		};
		99F45DCC2B9D19A7000753C4 /* CheckPointViewControllers */ = {
			isa = PBXGroup;
			children = (
				99EC11C52B9F69380023FEDE /* CheckpointViewController.swift */,
			);
			path = CheckPointViewControllers;
			sourceTree = "<group>";
		};
		99F45DCD2B9D19B7000753C4 /* ResultViewControllers */ = {
			isa = PBXGroup;
			children = (
				99F45DDF2B9D1DC6000753C4 /* ResultsViewController.swift */,
			);
			path = ResultViewControllers;
			sourceTree = "<group>";
		};
		99F45DE12B9D2141000753C4 /* LessonElementStoryboards */ = {
			isa = PBXGroup;
			children = (
				99EC11CA2B9F6A580023FEDE /* LectureStoryboards */,
				99EC11CC2B9F6A780023FEDE /* ResultsCheckpoint */,
				99EC11CB2B9F6A6A0023FEDE /* CheckpointStoryboards */,
				99EC11C02B9F68950023FEDE /* QuestionsStoryboards */,
			);
			path = LessonElementStoryboards;
			sourceTree = "<group>";
		};
		C9674BAB2B8FE9EB00A50CCD = {
			isa = PBXGroup;
			children = (
				999FF8992BA7C26E00D8FF43 /* README.md */,
				C9674BB62B8FE9EB00A50CCD /* Swiftly */,
				C9674BB52B8FE9EB00A50CCD /* Products */,
			);
			sourceTree = "<group>";
		};
		C9674BB52B8FE9EB00A50CCD /* Products */ = {
			isa = PBXGroup;
			children = (
				C9674BB42B8FE9EB00A50CCD /* Swiftly.app */,
			);
			name = Products;
			sourceTree = "<group>";
		};
		C9674BB62B8FE9EB00A50CCD /* Swiftly */ = {
			isa = PBXGroup;
			children = (
				207F067C2B9D705D0067778F /* Swiftly.entitlements */,
				993572EE2BBB439200CA75A3 /* DataStructures.swift */,
				FC0E387C2B8FF20200B4405B /* ViewControllers */,
				99F45DE12B9D2141000753C4 /* LessonElementStoryboards */,
				C91BDD7B2B924F380013FCE5 /* Rohit.storyboard */,
				209FF8A72B990A5F000854A9 /* Eder.storyboard */,
				209FF8A92B990A85000854A9 /* LaunchScreen.storyboard */,
				20F084E52B990479005FF676 /* Akin.storyboard */,
				20F084E72B9904A8005FF676 /* Main.storyboard */,
				99F45DD22B9D1B43000753C4 /* Lesson.storyboard */,
				C9674BB72B8FE9EB00A50CCD /* AppDelegate.swift */,
				C9674BB92B8FE9EB00A50CCD /* SceneDelegate.swift */,
				20C8D45F2BA7B91F001AA5EF /* Styles.swift */,
				C9674BC02B8FE9ED00A50CCD /* Assets.xcassets */,
				C9674BC52B8FE9ED00A50CCD /* Info.plist */,
				992830082BA5FCF9005AB073 /* GoogleService-Info.plist */,
			);
			path = Swiftly;
			sourceTree = "<group>";
		};
		FC0E387C2B8FF20200B4405B /* ViewControllers */ = {
			isa = PBXGroup;
			children = (
				99F45DC82B9D132E000753C4 /* LessonViewControllers */,
				20F084E92B9907CB005FF676 /* CustomTabBarController.swift */,
				207F067D2B9D725A0067778F /* CreateAccountViewController.swift */,
				207F067F2B9E57630067778F /* HomePageViewController.swift */,
				207F06812B9E581C0067778F /* SettingsViewController.swift */,
				207DC7832BA115A50014C8A0 /* LoginViewController.swift */,
				20FF62392BA201D700AFF6DD /* LeaderBoardViewController.swift */,
				FC5AB0AB2BB5F23300C6156A /* LoadingViewController.swift */,
				FCB300F92BA548F4005433C7 /* RoadmapViewController.swift */,
				20C8D45B2BA7B8B7001AA5EF /* AccountViewController.swift */,
				20C8D45D2BA7B8D6001AA5EF /* AppSettingsViewController.swift */,
			);
			path = ViewControllers;
			sourceTree = "<group>";
		};
/* End PBXGroup section */

/* Begin PBXNativeTarget section */
		C9674BB32B8FE9EB00A50CCD /* Swiftly */ = {
			isa = PBXNativeTarget;
			buildConfigurationList = C9674BC82B8FE9ED00A50CCD /* Build configuration list for PBXNativeTarget "Swiftly" */;
			buildPhases = (
				C9674BB02B8FE9EB00A50CCD /* Sources */,
				C9674BB12B8FE9EB00A50CCD /* Frameworks */,
				C9674BB22B8FE9EB00A50CCD /* Resources */,
			);
			buildRules = (
			);
			dependencies = (
			);
			name = Swiftly;
			packageProductDependencies = (
				207F065E2B9D680F0067778F /* FirebaseAnalytics */,
				207F06602B9D680F0067778F /* FirebaseAnalyticsOnDeviceConversion */,
				207F06622B9D680F0067778F /* FirebaseAnalyticsSwift */,
				207F06642B9D680F0067778F /* FirebaseAnalyticsWithoutAdIdSupport */,
				207F06662B9D680F0067778F /* FirebaseAppCheck */,
				207F06682B9D680F0067778F /* FirebaseAuth */,
				207F066A2B9D680F0067778F /* FirebaseAuthCombine-Community */,
				207F066C2B9D680F0067778F /* FirebaseDatabase */,
				207F066E2B9D680F0067778F /* FirebaseDatabaseSwift */,
				207F06702B9D680F0067778F /* FirebaseFirestore */,
				207F06722B9D680F0067778F /* FirebaseFirestoreCombine-Community */,
				207F06742B9D680F0067778F /* FirebaseFirestoreSwift */,
				207F06762B9D680F0067778F /* FirebaseStorage */,
				207F06782B9D680F0067778F /* FirebaseStorageCombine-Community */,
				99EC11902B9F66D40023FEDE /* FirebaseAnalytics */,
				99EC11922B9F66D40023FEDE /* FirebaseAnalyticsOnDeviceConversion */,
				99EC11942B9F66D40023FEDE /* FirebaseAnalyticsSwift */,
				99EC11962B9F66D40023FEDE /* FirebaseAnalyticsWithoutAdIdSupport */,
				99EC11982B9F66D40023FEDE /* FirebaseAppCheck */,
				99EC119A2B9F66D40023FEDE /* FirebaseAppDistribution-Beta */,
				99EC119C2B9F66D40023FEDE /* FirebaseAuth */,
				99EC119E2B9F66D40023FEDE /* FirebaseAuthCombine-Community */,
				99EC11A02B9F66D40023FEDE /* FirebaseCrashlytics */,
				99EC11A22B9F66D40023FEDE /* FirebaseDatabase */,
				99EC11A42B9F66D40023FEDE /* FirebaseDatabaseSwift */,
				99EC11A62B9F66D40023FEDE /* FirebaseDynamicLinks */,
				99EC11A82B9F66D40023FEDE /* FirebaseFirestore */,
				99EC11AA2B9F66D40023FEDE /* FirebaseFirestoreCombine-Community */,
				99EC11AC2B9F66D40023FEDE /* FirebaseFirestoreSwift */,
				99EC11AE2B9F66D40023FEDE /* FirebaseFunctions */,
				99EC11B02B9F66D40023FEDE /* FirebaseFunctionsCombine-Community */,
				99EC11B22B9F66D40023FEDE /* FirebaseInAppMessaging-Beta */,
				99EC11B42B9F66D40023FEDE /* FirebaseInAppMessagingSwift-Beta */,
				99EC11B62B9F66D40023FEDE /* FirebaseInstallations */,
				99EC11B82B9F66D40023FEDE /* FirebaseMLModelDownloader */,
				99EC11BA2B9F66D40023FEDE /* FirebaseMessaging */,
				99EC11BC2B9F66D40023FEDE /* FirebasePerformance */,
				99EC11BE2B9F66D40023FEDE /* FirebaseRemoteConfig */,
				9951F67B2BA25E630004D597 /* FirebaseAnalytics */,
				9951F67D2BA25E630004D597 /* FirebaseAnalyticsOnDeviceConversion */,
				9951F67F2BA25E630004D597 /* FirebaseAnalyticsSwift */,
				9951F6812BA25E630004D597 /* FirebaseAnalyticsWithoutAdIdSupport */,
				9951F6832BA25E630004D597 /* FirebaseAppCheck */,
				999FF89A2BA7C72300D8FF43 /* FirebaseAnalytics */,
				999FF89C2BA7C72300D8FF43 /* FirebaseAnalyticsOnDeviceConversion */,
				999FF89E2BA7C72300D8FF43 /* FirebaseAnalyticsSwift */,
				999FF8A02BA7C72300D8FF43 /* FirebaseAnalyticsWithoutAdIdSupport */,
				999FF8A22BA7C72300D8FF43 /* FirebaseAppCheck */,
			);
			productName = Swiftly;
			productReference = C9674BB42B8FE9EB00A50CCD /* Swiftly.app */;
			productType = "com.apple.product-type.application";
		};
/* End PBXNativeTarget section */

/* Begin PBXProject section */
		C9674BAC2B8FE9EB00A50CCD /* Project object */ = {
			isa = PBXProject;
			attributes = {
				BuildIndependentTargetsInParallel = 1;
				LastSwiftUpdateCheck = 1520;
				LastUpgradeCheck = 1520;
				TargetAttributes = {
					C9674BB32B8FE9EB00A50CCD = {
						CreatedOnToolsVersion = 15.2;
					};
				};
			};
			buildConfigurationList = C9674BAF2B8FE9EB00A50CCD /* Build configuration list for PBXProject "Swiftly" */;
			compatibilityVersion = "Xcode 14.0";
			developmentRegion = en;
			hasScannedForEncodings = 0;
			knownRegions = (
				en,
				Base,
			);
			mainGroup = C9674BAB2B8FE9EB00A50CCD;
			packageReferences = (
				207F065D2B9D680F0067778F /* XCRemoteSwiftPackageReference "firebase-ios-sdk" */,
			);
			productRefGroup = C9674BB52B8FE9EB00A50CCD /* Products */;
			projectDirPath = "";
			projectRoot = "";
			targets = (
				C9674BB32B8FE9EB00A50CCD /* Swiftly */,
			);
		};
/* End PBXProject section */

/* Begin PBXResourcesBuildPhase section */
		C9674BB22B8FE9EB00A50CCD /* Resources */ = {
			isa = PBXResourcesBuildPhase;
			buildActionMask = 2147483647;
			files = (
				209FF8A82B990A5F000854A9 /* Eder.storyboard in Resources */,
				C91BDD7C2B924F380013FCE5 /* Rohit.storyboard in Resources */,
				99EC11C22B9F68C20023FEDE /* Checkpoint.storyboard in Resources */,
				C9674BC12B8FE9ED00A50CCD /* Assets.xcassets in Resources */,
				9951F67A2BA2596B0004D597 /* Test.storyboard in Resources */,
				20F084E82B9904A8005FF676 /* Main.storyboard in Resources */,
				99EC11C42B9F68D10023FEDE /* Results.storyboard in Resources */,
				99F45DD32B9D1B43000753C4 /* Lesson.storyboard in Resources */,
				20F084E62B990479005FF676 /* Akin.storyboard in Resources */,
				992830092BA5FCF9005AB073 /* GoogleService-Info.plist in Resources */,
				99F45DE92B9D21D7000753C4 /* FillTheBlank.storyboard in Resources */,
				99EC11CE2B9F6AA20023FEDE /* Lecture.storyboard in Resources */,
				209FF8AA2B990A85000854A9 /* LaunchScreen.storyboard in Resources */,
				20F084E82B9904A8005FF676 /* Main.storyboard in Resources */,
				993B113A2BA4BA1D00546802 /* DragAndDrop.storyboard in Resources */,
				20F084E62B990479005FF676 /* Akin.storyboard in Resources */,
			);
			runOnlyForDeploymentPostprocessing = 0;
		};
/* End PBXResourcesBuildPhase section */

/* Begin PBXSourcesBuildPhase section */
		C9674BB02B8FE9EB00A50CCD /* Sources */ = {
			isa = PBXSourcesBuildPhase;
			buildActionMask = 2147483647;
			files = (
				207F067E2B9D725A0067778F /* CreateAccountViewController.swift in Sources */,
				99F45DE02B9D1DC6000753C4 /* ResultsViewController.swift in Sources */,
				20F084EA2B9907CB005FF676 /* CustomTabBarController.swift in Sources */,
				9951F68E2BA34F940004D597 /* LessonElement.swift in Sources */,
				FCB300FA2BA548F4005433C7 /* RoadmapViewController.swift in Sources */,
				20FF623A2BA201D700AFF6DD /* LeaderBoardViewController.swift in Sources */,
				20C8D4602BA7B91F001AA5EF /* Styles.swift in Sources */,
				99F45DD72B9D1D43000753C4 /* DragAndDropViewController.swift in Sources */,
				20C8D45E2BA7B8D6001AA5EF /* AppSettingsViewController.swift in Sources */,
				9951F69D2BA353FA0004D597 /* ResultsElements.swift in Sources */,
				20F084EA2B9907CB005FF676 /* CustomTabBarController.swift in Sources */,
				9951F69B2BA353EE0004D597 /* CheckpointElements.swift in Sources */,
				99F45DF02B9D2780000753C4 /* LessonElementTypes.swift in Sources */,
				99EC11C62B9F69380023FEDE /* CheckpointViewController.swift in Sources */,
				9951F6992BA353DC0004D597 /* LectureElements.swift in Sources */,
				99F45DCA2B9D197A000753C4 /* LessonViewController.swift in Sources */,
				99EC11C92B9F6A4A0023FEDE /* LectureViewController.swift in Sources */,
				207DC7842BA115A50014C8A0 /* LoginViewController.swift in Sources */,
				207F06802B9E57630067778F /* HomePageViewController.swift in Sources */,
				FC5AB0AC2BB5F2D400C6156A /* LoadingViewController.swift in Sources */,
				C9674BB82B8FE9EB00A50CCD /* AppDelegate.swift in Sources */,
				99F45DF42B9D33A2000753C4 /* LessonElementViewController.swift in Sources */,
				993572EF2BBB439200CA75A3 /* DataStructures.swift in Sources */,
				9951F6972BA350990004D597 /* QuestionElements.swift in Sources */,
				20C8D45C2BA7B8B7001AA5EF /* AccountViewController.swift in Sources */,
				207F06822B9E581C0067778F /* SettingsViewController.swift in Sources */,
				9951F6762BA258E90004D597 /* TestViewController.swift in Sources */,
				993B11382BA4A97500546802 /* DragAndDropSwiftUIView.swift in Sources */,
				C9674BBA2B8FE9EB00A50CCD /* SceneDelegate.swift in Sources */,
				FCB300F42BA39EB9005433C7 /* FillBlankViewController.swift in Sources */,
				99F45DDD2B9D1DAC000753C4 /* FillTheBlankViewController.swift in Sources */,
			);
			runOnlyForDeploymentPostprocessing = 0;
		};
/* End PBXSourcesBuildPhase section */

/* Begin XCBuildConfiguration section */
		C9674BC62B8FE9ED00A50CCD /* Debug */ = {
			isa = XCBuildConfiguration;
			buildSettings = {
				ALWAYS_SEARCH_USER_PATHS = NO;
				ASSETCATALOG_COMPILER_GENERATE_SWIFT_ASSET_SYMBOL_EXTENSIONS = YES;
				CLANG_ANALYZER_NONNULL = YES;
				CLANG_ANALYZER_NUMBER_OBJECT_CONVERSION = YES_AGGRESSIVE;
				CLANG_CXX_LANGUAGE_STANDARD = "gnu++20";
				CLANG_ENABLE_MODULES = YES;
				CLANG_ENABLE_OBJC_ARC = YES;
				CLANG_ENABLE_OBJC_WEAK = YES;
				CLANG_WARN_BLOCK_CAPTURE_AUTORELEASING = YES;
				CLANG_WARN_BOOL_CONVERSION = YES;
				CLANG_WARN_COMMA = YES;
				CLANG_WARN_CONSTANT_CONVERSION = YES;
				CLANG_WARN_DEPRECATED_OBJC_IMPLEMENTATIONS = YES;
				CLANG_WARN_DIRECT_OBJC_ISA_USAGE = YES_ERROR;
				CLANG_WARN_DOCUMENTATION_COMMENTS = YES;
				CLANG_WARN_EMPTY_BODY = YES;
				CLANG_WARN_ENUM_CONVERSION = YES;
				CLANG_WARN_INFINITE_RECURSION = YES;
				CLANG_WARN_INT_CONVERSION = YES;
				CLANG_WARN_NON_LITERAL_NULL_CONVERSION = YES;
				CLANG_WARN_OBJC_IMPLICIT_RETAIN_SELF = YES;
				CLANG_WARN_OBJC_LITERAL_CONVERSION = YES;
				CLANG_WARN_OBJC_ROOT_CLASS = YES_ERROR;
				CLANG_WARN_QUOTED_INCLUDE_IN_FRAMEWORK_HEADER = YES;
				CLANG_WARN_RANGE_LOOP_ANALYSIS = YES;
				CLANG_WARN_STRICT_PROTOTYPES = YES;
				CLANG_WARN_SUSPICIOUS_MOVE = YES;
				CLANG_WARN_UNGUARDED_AVAILABILITY = YES_AGGRESSIVE;
				CLANG_WARN_UNREACHABLE_CODE = YES;
				CLANG_WARN__DUPLICATE_METHOD_MATCH = YES;
				COPY_PHASE_STRIP = NO;
				DEBUG_INFORMATION_FORMAT = dwarf;
				ENABLE_STRICT_OBJC_MSGSEND = YES;
				ENABLE_TESTABILITY = YES;
				ENABLE_USER_SCRIPT_SANDBOXING = YES;
				GCC_C_LANGUAGE_STANDARD = gnu17;
				GCC_DYNAMIC_NO_PIC = NO;
				GCC_NO_COMMON_BLOCKS = YES;
				GCC_OPTIMIZATION_LEVEL = 0;
				GCC_PREPROCESSOR_DEFINITIONS = (
					"DEBUG=1",
					"$(inherited)",
				);
				GCC_WARN_64_TO_32_BIT_CONVERSION = YES;
				GCC_WARN_ABOUT_RETURN_TYPE = YES_ERROR;
				GCC_WARN_UNDECLARED_SELECTOR = YES;
				GCC_WARN_UNINITIALIZED_AUTOS = YES_AGGRESSIVE;
				GCC_WARN_UNUSED_FUNCTION = YES;
				GCC_WARN_UNUSED_VARIABLE = YES;
				IPHONEOS_DEPLOYMENT_TARGET = 17.2;
				LOCALIZATION_PREFERS_STRING_CATALOGS = YES;
				MTL_ENABLE_DEBUG_INFO = INCLUDE_SOURCE;
				MTL_FAST_MATH = YES;
				ONLY_ACTIVE_ARCH = YES;
				SDKROOT = iphoneos;
				SWIFT_ACTIVE_COMPILATION_CONDITIONS = "DEBUG $(inherited)";
				SWIFT_OPTIMIZATION_LEVEL = "-Onone";
			};
			name = Debug;
		};
		C9674BC72B8FE9ED00A50CCD /* Release */ = {
			isa = XCBuildConfiguration;
			buildSettings = {
				ALWAYS_SEARCH_USER_PATHS = NO;
				ASSETCATALOG_COMPILER_GENERATE_SWIFT_ASSET_SYMBOL_EXTENSIONS = YES;
				CLANG_ANALYZER_NONNULL = YES;
				CLANG_ANALYZER_NUMBER_OBJECT_CONVERSION = YES_AGGRESSIVE;
				CLANG_CXX_LANGUAGE_STANDARD = "gnu++20";
				CLANG_ENABLE_MODULES = YES;
				CLANG_ENABLE_OBJC_ARC = YES;
				CLANG_ENABLE_OBJC_WEAK = YES;
				CLANG_WARN_BLOCK_CAPTURE_AUTORELEASING = YES;
				CLANG_WARN_BOOL_CONVERSION = YES;
				CLANG_WARN_COMMA = YES;
				CLANG_WARN_CONSTANT_CONVERSION = YES;
				CLANG_WARN_DEPRECATED_OBJC_IMPLEMENTATIONS = YES;
				CLANG_WARN_DIRECT_OBJC_ISA_USAGE = YES_ERROR;
				CLANG_WARN_DOCUMENTATION_COMMENTS = YES;
				CLANG_WARN_EMPTY_BODY = YES;
				CLANG_WARN_ENUM_CONVERSION = YES;
				CLANG_WARN_INFINITE_RECURSION = YES;
				CLANG_WARN_INT_CONVERSION = YES;
				CLANG_WARN_NON_LITERAL_NULL_CONVERSION = YES;
				CLANG_WARN_OBJC_IMPLICIT_RETAIN_SELF = YES;
				CLANG_WARN_OBJC_LITERAL_CONVERSION = YES;
				CLANG_WARN_OBJC_ROOT_CLASS = YES_ERROR;
				CLANG_WARN_QUOTED_INCLUDE_IN_FRAMEWORK_HEADER = YES;
				CLANG_WARN_RANGE_LOOP_ANALYSIS = YES;
				CLANG_WARN_STRICT_PROTOTYPES = YES;
				CLANG_WARN_SUSPICIOUS_MOVE = YES;
				CLANG_WARN_UNGUARDED_AVAILABILITY = YES_AGGRESSIVE;
				CLANG_WARN_UNREACHABLE_CODE = YES;
				CLANG_WARN__DUPLICATE_METHOD_MATCH = YES;
				COPY_PHASE_STRIP = NO;
				DEBUG_INFORMATION_FORMAT = "dwarf-with-dsym";
				ENABLE_NS_ASSERTIONS = NO;
				ENABLE_STRICT_OBJC_MSGSEND = YES;
				ENABLE_USER_SCRIPT_SANDBOXING = YES;
				GCC_C_LANGUAGE_STANDARD = gnu17;
				GCC_NO_COMMON_BLOCKS = YES;
				GCC_WARN_64_TO_32_BIT_CONVERSION = YES;
				GCC_WARN_ABOUT_RETURN_TYPE = YES_ERROR;
				GCC_WARN_UNDECLARED_SELECTOR = YES;
				GCC_WARN_UNINITIALIZED_AUTOS = YES_AGGRESSIVE;
				GCC_WARN_UNUSED_FUNCTION = YES;
				GCC_WARN_UNUSED_VARIABLE = YES;
				IPHONEOS_DEPLOYMENT_TARGET = 17.2;
				LOCALIZATION_PREFERS_STRING_CATALOGS = YES;
				MTL_ENABLE_DEBUG_INFO = NO;
				MTL_FAST_MATH = YES;
				SDKROOT = iphoneos;
				SWIFT_COMPILATION_MODE = wholemodule;
				VALIDATE_PRODUCT = YES;
			};
			name = Release;
		};
		C9674BC92B8FE9ED00A50CCD /* Debug */ = {
			isa = XCBuildConfiguration;
			buildSettings = {
				ASSETCATALOG_COMPILER_APPICON_NAME = AppIcon;
				ASSETCATALOG_COMPILER_GLOBAL_ACCENT_COLOR_NAME = AccentColor;
				CODE_SIGN_ENTITLEMENTS = Swiftly/Swiftly.entitlements;
				CODE_SIGN_STYLE = Automatic;
				CURRENT_PROJECT_VERSION = 1;
				DEVELOPMENT_TEAM = "";
				GENERATE_INFOPLIST_FILE = YES;
				INFOPLIST_FILE = Swiftly/Info.plist;
				INFOPLIST_KEY_UIApplicationSupportsIndirectInputEvents = YES;
				INFOPLIST_KEY_UILaunchStoryboardName = LaunchScreen;
				INFOPLIST_KEY_UIMainStoryboardFile = Main;
				INFOPLIST_KEY_UISupportedInterfaceOrientations_iPad = "UIInterfaceOrientationPortrait UIInterfaceOrientationPortraitUpsideDown UIInterfaceOrientationLandscapeLeft UIInterfaceOrientationLandscapeRight";
				INFOPLIST_KEY_UISupportedInterfaceOrientations_iPhone = "UIInterfaceOrientationPortrait UIInterfaceOrientationLandscapeLeft UIInterfaceOrientationLandscapeRight";
				LD_RUNPATH_SEARCH_PATHS = (
					"$(inherited)",
					"@executable_path/Frameworks",
				);
				MARKETING_VERSION = 1.0;
				PRODUCT_BUNDLE_IDENTIFIER = com.ananthar.Swiftly;
				PRODUCT_NAME = "$(TARGET_NAME)";
				SWIFT_EMIT_LOC_STRINGS = YES;
				SWIFT_VERSION = 5.0;
				TARGETED_DEVICE_FAMILY = "1,2";
			};
			name = Debug;
		};
		C9674BCA2B8FE9ED00A50CCD /* Release */ = {
			isa = XCBuildConfiguration;
			buildSettings = {
				ASSETCATALOG_COMPILER_APPICON_NAME = AppIcon;
				ASSETCATALOG_COMPILER_GLOBAL_ACCENT_COLOR_NAME = AccentColor;
				CODE_SIGN_ENTITLEMENTS = Swiftly/Swiftly.entitlements;
				CODE_SIGN_STYLE = Automatic;
				CURRENT_PROJECT_VERSION = 1;
				DEVELOPMENT_TEAM = "";
				GENERATE_INFOPLIST_FILE = YES;
				INFOPLIST_FILE = Swiftly/Info.plist;
				INFOPLIST_KEY_UIApplicationSupportsIndirectInputEvents = YES;
				INFOPLIST_KEY_UILaunchStoryboardName = LaunchScreen;
				INFOPLIST_KEY_UIMainStoryboardFile = Main;
				INFOPLIST_KEY_UISupportedInterfaceOrientations_iPad = "UIInterfaceOrientationPortrait UIInterfaceOrientationPortraitUpsideDown UIInterfaceOrientationLandscapeLeft UIInterfaceOrientationLandscapeRight";
				INFOPLIST_KEY_UISupportedInterfaceOrientations_iPhone = "UIInterfaceOrientationPortrait UIInterfaceOrientationLandscapeLeft UIInterfaceOrientationLandscapeRight";
				LD_RUNPATH_SEARCH_PATHS = (
					"$(inherited)",
					"@executable_path/Frameworks",
				);
				MARKETING_VERSION = 1.0;
				PRODUCT_BUNDLE_IDENTIFIER = com.ananthar.Swiftly;
				PRODUCT_NAME = "$(TARGET_NAME)";
				SWIFT_EMIT_LOC_STRINGS = YES;
				SWIFT_VERSION = 5.0;
				TARGETED_DEVICE_FAMILY = "1,2";
			};
			name = Release;
		};
/* End XCBuildConfiguration section */

/* Begin XCConfigurationList section */
		C9674BAF2B8FE9EB00A50CCD /* Build configuration list for PBXProject "Swiftly" */ = {
			isa = XCConfigurationList;
			buildConfigurations = (
				C9674BC62B8FE9ED00A50CCD /* Debug */,
				C9674BC72B8FE9ED00A50CCD /* Release */,
			);
			defaultConfigurationIsVisible = 0;
			defaultConfigurationName = Release;
		};
		C9674BC82B8FE9ED00A50CCD /* Build configuration list for PBXNativeTarget "Swiftly" */ = {
			isa = XCConfigurationList;
			buildConfigurations = (
				C9674BC92B8FE9ED00A50CCD /* Debug */,
				C9674BCA2B8FE9ED00A50CCD /* Release */,
			);
			defaultConfigurationIsVisible = 0;
			defaultConfigurationName = Release;
		};
/* End XCConfigurationList section */

/* Begin XCRemoteSwiftPackageReference section */
		207F065D2B9D680F0067778F /* XCRemoteSwiftPackageReference "firebase-ios-sdk" */ = {
			isa = XCRemoteSwiftPackageReference;
			repositoryURL = "https://github.com/firebase/firebase-ios-sdk";
			requirement = {
				kind = upToNextMajorVersion;
				minimumVersion = 10.22.1;
			};
		};
/* End XCRemoteSwiftPackageReference section */

/* Begin XCSwiftPackageProductDependency section */
		207F065E2B9D680F0067778F /* FirebaseAnalytics */ = {
			isa = XCSwiftPackageProductDependency;
			package = 207F065D2B9D680F0067778F /* XCRemoteSwiftPackageReference "firebase-ios-sdk" */;
			productName = FirebaseAnalytics;
		};
		207F06602B9D680F0067778F /* FirebaseAnalyticsOnDeviceConversion */ = {
			isa = XCSwiftPackageProductDependency;
			package = 207F065D2B9D680F0067778F /* XCRemoteSwiftPackageReference "firebase-ios-sdk" */;
			productName = FirebaseAnalyticsOnDeviceConversion;
		};
		207F06622B9D680F0067778F /* FirebaseAnalyticsSwift */ = {
			isa = XCSwiftPackageProductDependency;
			package = 207F065D2B9D680F0067778F /* XCRemoteSwiftPackageReference "firebase-ios-sdk" */;
			productName = FirebaseAnalyticsSwift;
		};
		207F06642B9D680F0067778F /* FirebaseAnalyticsWithoutAdIdSupport */ = {
			isa = XCSwiftPackageProductDependency;
			package = 207F065D2B9D680F0067778F /* XCRemoteSwiftPackageReference "firebase-ios-sdk" */;
			productName = FirebaseAnalyticsWithoutAdIdSupport;
		};
		207F06662B9D680F0067778F /* FirebaseAppCheck */ = {
			isa = XCSwiftPackageProductDependency;
			package = 207F065D2B9D680F0067778F /* XCRemoteSwiftPackageReference "firebase-ios-sdk" */;
			productName = FirebaseAppCheck;
		};
		207F06682B9D680F0067778F /* FirebaseAuth */ = {
			isa = XCSwiftPackageProductDependency;
			package = 207F065D2B9D680F0067778F /* XCRemoteSwiftPackageReference "firebase-ios-sdk" */;
			productName = FirebaseAuth;
		};
		207F066A2B9D680F0067778F /* FirebaseAuthCombine-Community */ = {
			isa = XCSwiftPackageProductDependency;
			package = 207F065D2B9D680F0067778F /* XCRemoteSwiftPackageReference "firebase-ios-sdk" */;
			productName = "FirebaseAuthCombine-Community";
		};
		207F066C2B9D680F0067778F /* FirebaseDatabase */ = {
			isa = XCSwiftPackageProductDependency;
			package = 207F065D2B9D680F0067778F /* XCRemoteSwiftPackageReference "firebase-ios-sdk" */;
			productName = FirebaseDatabase;
		};
		207F066E2B9D680F0067778F /* FirebaseDatabaseSwift */ = {
			isa = XCSwiftPackageProductDependency;
			package = 207F065D2B9D680F0067778F /* XCRemoteSwiftPackageReference "firebase-ios-sdk" */;
			productName = FirebaseDatabaseSwift;
		};
		207F06702B9D680F0067778F /* FirebaseFirestore */ = {
			isa = XCSwiftPackageProductDependency;
			package = 207F065D2B9D680F0067778F /* XCRemoteSwiftPackageReference "firebase-ios-sdk" */;
			productName = FirebaseFirestore;
		};
		207F06722B9D680F0067778F /* FirebaseFirestoreCombine-Community */ = {
			isa = XCSwiftPackageProductDependency;
			package = 207F065D2B9D680F0067778F /* XCRemoteSwiftPackageReference "firebase-ios-sdk" */;
			productName = "FirebaseFirestoreCombine-Community";
		};
		207F06742B9D680F0067778F /* FirebaseFirestoreSwift */ = {
			isa = XCSwiftPackageProductDependency;
			package = 207F065D2B9D680F0067778F /* XCRemoteSwiftPackageReference "firebase-ios-sdk" */;
			productName = FirebaseFirestoreSwift;
		};
		207F06762B9D680F0067778F /* FirebaseStorage */ = {
			isa = XCSwiftPackageProductDependency;
			package = 207F065D2B9D680F0067778F /* XCRemoteSwiftPackageReference "firebase-ios-sdk" */;
			productName = FirebaseStorage;
		};
		207F06782B9D680F0067778F /* FirebaseStorageCombine-Community */ = {
			isa = XCSwiftPackageProductDependency;
			package = 207F065D2B9D680F0067778F /* XCRemoteSwiftPackageReference "firebase-ios-sdk" */;
			productName = "FirebaseStorageCombine-Community";
		};
		9951F67B2BA25E630004D597 /* FirebaseAnalytics */ = {
			isa = XCSwiftPackageProductDependency;
			package = 207F065D2B9D680F0067778F /* XCRemoteSwiftPackageReference "firebase-ios-sdk" */;
			productName = FirebaseAnalytics;
		};
		9951F67D2BA25E630004D597 /* FirebaseAnalyticsOnDeviceConversion */ = {
			isa = XCSwiftPackageProductDependency;
			package = 207F065D2B9D680F0067778F /* XCRemoteSwiftPackageReference "firebase-ios-sdk" */;
			productName = FirebaseAnalyticsOnDeviceConversion;
		};
		9951F67F2BA25E630004D597 /* FirebaseAnalyticsSwift */ = {
			isa = XCSwiftPackageProductDependency;
			package = 207F065D2B9D680F0067778F /* XCRemoteSwiftPackageReference "firebase-ios-sdk" */;
			productName = FirebaseAnalyticsSwift;
		};
		9951F6812BA25E630004D597 /* FirebaseAnalyticsWithoutAdIdSupport */ = {
			isa = XCSwiftPackageProductDependency;
			package = 207F065D2B9D680F0067778F /* XCRemoteSwiftPackageReference "firebase-ios-sdk" */;
			productName = FirebaseAnalyticsWithoutAdIdSupport;
		};
		9951F6832BA25E630004D597 /* FirebaseAppCheck */ = {
			isa = XCSwiftPackageProductDependency;
			package = 207F065D2B9D680F0067778F /* XCRemoteSwiftPackageReference "firebase-ios-sdk" */;
			productName = FirebaseAppCheck;
		};
		999FF89A2BA7C72300D8FF43 /* FirebaseAnalytics */ = {
			isa = XCSwiftPackageProductDependency;
			package = 207F065D2B9D680F0067778F /* XCRemoteSwiftPackageReference "firebase-ios-sdk" */;
			productName = FirebaseAnalytics;
		};
		999FF89C2BA7C72300D8FF43 /* FirebaseAnalyticsOnDeviceConversion */ = {
			isa = XCSwiftPackageProductDependency;
			package = 207F065D2B9D680F0067778F /* XCRemoteSwiftPackageReference "firebase-ios-sdk" */;
			productName = FirebaseAnalyticsOnDeviceConversion;
		};
		999FF89E2BA7C72300D8FF43 /* FirebaseAnalyticsSwift */ = {
			isa = XCSwiftPackageProductDependency;
			package = 207F065D2B9D680F0067778F /* XCRemoteSwiftPackageReference "firebase-ios-sdk" */;
			productName = FirebaseAnalyticsSwift;
		};
		999FF8A02BA7C72300D8FF43 /* FirebaseAnalyticsWithoutAdIdSupport */ = {
			isa = XCSwiftPackageProductDependency;
			package = 207F065D2B9D680F0067778F /* XCRemoteSwiftPackageReference "firebase-ios-sdk" */;
			productName = FirebaseAnalyticsWithoutAdIdSupport;
		};
		999FF8A22BA7C72300D8FF43 /* FirebaseAppCheck */ = {
			isa = XCSwiftPackageProductDependency;
			package = 207F065D2B9D680F0067778F /* XCRemoteSwiftPackageReference "firebase-ios-sdk" */;
			productName = FirebaseAppCheck;
		};
		99EC11902B9F66D40023FEDE /* FirebaseAnalytics */ = {
			isa = XCSwiftPackageProductDependency;
			package = 207F065D2B9D680F0067778F /* XCRemoteSwiftPackageReference "firebase-ios-sdk" */;
			productName = FirebaseAnalytics;
		};
		99EC11922B9F66D40023FEDE /* FirebaseAnalyticsOnDeviceConversion */ = {
			isa = XCSwiftPackageProductDependency;
			package = 207F065D2B9D680F0067778F /* XCRemoteSwiftPackageReference "firebase-ios-sdk" */;
			productName = FirebaseAnalyticsOnDeviceConversion;
		};
		99EC11942B9F66D40023FEDE /* FirebaseAnalyticsSwift */ = {
			isa = XCSwiftPackageProductDependency;
			package = 207F065D2B9D680F0067778F /* XCRemoteSwiftPackageReference "firebase-ios-sdk" */;
			productName = FirebaseAnalyticsSwift;
		};
		99EC11962B9F66D40023FEDE /* FirebaseAnalyticsWithoutAdIdSupport */ = {
			isa = XCSwiftPackageProductDependency;
			package = 207F065D2B9D680F0067778F /* XCRemoteSwiftPackageReference "firebase-ios-sdk" */;
			productName = FirebaseAnalyticsWithoutAdIdSupport;
		};
		99EC11982B9F66D40023FEDE /* FirebaseAppCheck */ = {
			isa = XCSwiftPackageProductDependency;
			package = 207F065D2B9D680F0067778F /* XCRemoteSwiftPackageReference "firebase-ios-sdk" */;
			productName = FirebaseAppCheck;
		};
		99EC119A2B9F66D40023FEDE /* FirebaseAppDistribution-Beta */ = {
			isa = XCSwiftPackageProductDependency;
			package = 207F065D2B9D680F0067778F /* XCRemoteSwiftPackageReference "firebase-ios-sdk" */;
			productName = "FirebaseAppDistribution-Beta";
		};
		99EC119C2B9F66D40023FEDE /* FirebaseAuth */ = {
			isa = XCSwiftPackageProductDependency;
			package = 207F065D2B9D680F0067778F /* XCRemoteSwiftPackageReference "firebase-ios-sdk" */;
			productName = FirebaseAuth;
		};
		99EC119E2B9F66D40023FEDE /* FirebaseAuthCombine-Community */ = {
			isa = XCSwiftPackageProductDependency;
			package = 207F065D2B9D680F0067778F /* XCRemoteSwiftPackageReference "firebase-ios-sdk" */;
			productName = "FirebaseAuthCombine-Community";
		};
		99EC11A02B9F66D40023FEDE /* FirebaseCrashlytics */ = {
			isa = XCSwiftPackageProductDependency;
			package = 207F065D2B9D680F0067778F /* XCRemoteSwiftPackageReference "firebase-ios-sdk" */;
			productName = FirebaseCrashlytics;
		};
		99EC11A22B9F66D40023FEDE /* FirebaseDatabase */ = {
			isa = XCSwiftPackageProductDependency;
			package = 207F065D2B9D680F0067778F /* XCRemoteSwiftPackageReference "firebase-ios-sdk" */;
			productName = FirebaseDatabase;
		};
		99EC11A42B9F66D40023FEDE /* FirebaseDatabaseSwift */ = {
			isa = XCSwiftPackageProductDependency;
			package = 207F065D2B9D680F0067778F /* XCRemoteSwiftPackageReference "firebase-ios-sdk" */;
			productName = FirebaseDatabaseSwift;
		};
		99EC11A62B9F66D40023FEDE /* FirebaseDynamicLinks */ = {
			isa = XCSwiftPackageProductDependency;
			package = 207F065D2B9D680F0067778F /* XCRemoteSwiftPackageReference "firebase-ios-sdk" */;
			productName = FirebaseDynamicLinks;
		};
		99EC11A82B9F66D40023FEDE /* FirebaseFirestore */ = {
			isa = XCSwiftPackageProductDependency;
			package = 207F065D2B9D680F0067778F /* XCRemoteSwiftPackageReference "firebase-ios-sdk" */;
			productName = FirebaseFirestore;
		};
		99EC11AA2B9F66D40023FEDE /* FirebaseFirestoreCombine-Community */ = {
			isa = XCSwiftPackageProductDependency;
			package = 207F065D2B9D680F0067778F /* XCRemoteSwiftPackageReference "firebase-ios-sdk" */;
			productName = "FirebaseFirestoreCombine-Community";
		};
		99EC11AC2B9F66D40023FEDE /* FirebaseFirestoreSwift */ = {
			isa = XCSwiftPackageProductDependency;
			package = 207F065D2B9D680F0067778F /* XCRemoteSwiftPackageReference "firebase-ios-sdk" */;
			productName = FirebaseFirestoreSwift;
		};
		99EC11AE2B9F66D40023FEDE /* FirebaseFunctions */ = {
			isa = XCSwiftPackageProductDependency;
			package = 207F065D2B9D680F0067778F /* XCRemoteSwiftPackageReference "firebase-ios-sdk" */;
			productName = FirebaseFunctions;
		};
		99EC11B02B9F66D40023FEDE /* FirebaseFunctionsCombine-Community */ = {
			isa = XCSwiftPackageProductDependency;
			package = 207F065D2B9D680F0067778F /* XCRemoteSwiftPackageReference "firebase-ios-sdk" */;
			productName = "FirebaseFunctionsCombine-Community";
		};
		99EC11B22B9F66D40023FEDE /* FirebaseInAppMessaging-Beta */ = {
			isa = XCSwiftPackageProductDependency;
			package = 207F065D2B9D680F0067778F /* XCRemoteSwiftPackageReference "firebase-ios-sdk" */;
			productName = "FirebaseInAppMessaging-Beta";
		};
		99EC11B42B9F66D40023FEDE /* FirebaseInAppMessagingSwift-Beta */ = {
			isa = XCSwiftPackageProductDependency;
			package = 207F065D2B9D680F0067778F /* XCRemoteSwiftPackageReference "firebase-ios-sdk" */;
			productName = "FirebaseInAppMessagingSwift-Beta";
		};
		99EC11B62B9F66D40023FEDE /* FirebaseInstallations */ = {
			isa = XCSwiftPackageProductDependency;
			package = 207F065D2B9D680F0067778F /* XCRemoteSwiftPackageReference "firebase-ios-sdk" */;
			productName = FirebaseInstallations;
		};
		99EC11B82B9F66D40023FEDE /* FirebaseMLModelDownloader */ = {
			isa = XCSwiftPackageProductDependency;
			package = 207F065D2B9D680F0067778F /* XCRemoteSwiftPackageReference "firebase-ios-sdk" */;
			productName = FirebaseMLModelDownloader;
		};
		99EC11BA2B9F66D40023FEDE /* FirebaseMessaging */ = {
			isa = XCSwiftPackageProductDependency;
			package = 207F065D2B9D680F0067778F /* XCRemoteSwiftPackageReference "firebase-ios-sdk" */;
			productName = FirebaseMessaging;
		};
		99EC11BC2B9F66D40023FEDE /* FirebasePerformance */ = {
			isa = XCSwiftPackageProductDependency;
			package = 207F065D2B9D680F0067778F /* XCRemoteSwiftPackageReference "firebase-ios-sdk" */;
			productName = FirebasePerformance;
		};
		99EC11BE2B9F66D40023FEDE /* FirebaseRemoteConfig */ = {
			isa = XCSwiftPackageProductDependency;
			package = 207F065D2B9D680F0067778F /* XCRemoteSwiftPackageReference "firebase-ios-sdk" */;
			productName = FirebaseRemoteConfig;
		};
/* End XCSwiftPackageProductDependency section */
	};
	rootObject = C9674BAC2B8FE9EB00A50CCD /* Project object */;
}
